
Microsoft Visual Studio Solution File, Format Version 12.00
# Visual Studio Version 16
VisualStudioVersion = 16.0.31019.35
MinimumVisualStudioVersion = 10.0.40219.1
Project("{FAE04EC0-301F-11D3-BF4B-00C04F79EFBC}") = "StackAndQueueDemo", "StackAndQueueDemo\StackAndQueueDemo.csproj", "{99C4E7A8-EEBA-483F-84A3-242C6EE8B445}"
EndProject
Global
	GlobalSection(SolutionConfigurationPlatforms) = preSolution
		Debug|Any CPU = Debug|Any CPU
		Release|Any CPU = Release|Any CPU
	EndGlobalSection
	GlobalSection(ProjectConfigurationPlatforms) = postSolution
		{99C4E7A8-EEBA-483F-84A3-242C6EE8B445}.Debug|Any CPU.ActiveCfg = Debug|Any CPU
		{99C4E7A8-EEBA-483F-84A3-242C6EE8B445}.Debug|Any CPU.Build.0 = Debug|Any CPU
		{99C4E7A8-EEBA-483F-84A3-242C6EE8B445}.Release|Any CPU.ActiveCfg = Release|Any CPU
		{99C4E7A8-EEBA-483F-84A3-242C6EE8B445}.Release|Any CPU.Build.0 = Release|Any CPU
	EndGlobalSection
	GlobalSection(SolutionProperties) = preSolution
		HideSolutionNode = FALSE
	EndGlobalSection
	GlobalSection(ExtensibilityGlobals) = postSolution
		SolutionGuid = {00FA4432-E844-4E16-BA47-9BBCE1495580}
	EndGlobalSection
EndGlobal
